
Microsoft Visual Studio Solution File, Format Version 12.00
# Visual Studio Version 17
VisualStudioVersion = 17.2.32602.215
MinimumVisualStudioVersion = 10.0.40219.1
Project("{FAE04EC0-301F-11D3-BF4B-00C04F79EFBC}") = "EthicalProfessionalStandards", "EthicalProfessionalStandards\EthicalProfessionalStandards.csproj", "{7D47002C-D2FD-43BE-AD36-094F9CC1F555}"
EndProject
Global
	GlobalSection(SolutionConfigurationPlatforms) = preSolution
		Debug|Any CPU = Debug|Any CPU
		Release|Any CPU = Release|Any CPU
	EndGlobalSection
	GlobalSection(ProjectConfigurationPlatforms) = postSolution
		{7D47002C-D2FD-43BE-AD36-094F9CC1F555}.Debug|Any CPU.ActiveCfg = Debug|Any CPU
		{7D47002C-D2FD-43BE-AD36-094F9CC1F555}.Debug|Any CPU.Build.0 = Debug|Any CPU
		{7D47002C-D2FD-43BE-AD36-094F9CC1F555}.Release|Any CPU.ActiveCfg = Release|Any CPU
		{7D47002C-D2FD-43BE-AD36-094F9CC1F555}.Release|Any CPU.Build.0 = Release|Any CPU
	EndGlobalSection
	GlobalSection(SolutionProperties) = preSolution
		HideSolutionNode = FALSE
	EndGlobalSection
	GlobalSection(ExtensibilityGlobals) = postSolution
		SolutionGuid = {84C9F7B8-E369-45FE-B2B5-3DB28677C48A}
	EndGlobalSection
EndGlobal
